
Microsoft Visual Studio Solution File, Format Version 12.00
# Visual Studio Version 17
VisualStudioVersion = 17.8.34408.163
MinimumVisualStudioVersion = 10.0.40219.1
Project("{FAE04EC0-301F-11D3-BF4B-00C04F79EFBC}") = "PRATIKUM", "PRATIKUM\PRATIKUM.csproj", "{70BD606B-8708-4738-8313-3D644FEAD624}"
EndProject
Global
	GlobalSection(SolutionConfigurationPlatforms) = preSolution
		Debug|Any CPU = Debug|Any CPU
		Release|Any CPU = Release|Any CPU
	EndGlobalSection
	GlobalSection(ProjectConfigurationPlatforms) = postSolution
		{70BD606B-8708-4738-8313-3D644FEAD624}.Debug|Any CPU.ActiveCfg = Debug|Any CPU
		{70BD606B-8708-4738-8313-3D644FEAD624}.Debug|Any CPU.Build.0 = Debug|Any CPU
		{70BD606B-8708-4738-8313-3D644FEAD624}.Release|Any CPU.ActiveCfg = Release|Any CPU
		{70BD606B-8708-4738-8313-3D644FEAD624}.Release|Any CPU.Build.0 = Release|Any CPU
	EndGlobalSection
	GlobalSection(SolutionProperties) = preSolution
		HideSolutionNode = FALSE
	EndGlobalSection
	GlobalSection(ExtensibilityGlobals) = postSolution
		SolutionGuid = {68993A47-FCF9-4377-BFC9-0A7A0801F6B5}
	EndGlobalSection
EndGlobal
